// !$*UTF8*$!
{
	archiveVersion = 1;
	classes = {
	};
	objectVersion = 46;
	objects = {

/* Begin PBXBuildFile section */
		6543B1791D5F6A09001B4EFE /* main.m in Sources */ = {isa = PBXBuildFile; fileRef = 6543B1781D5F6A09001B4EFE /* main.m */; };
		6543B17C1D5F6A09001B4EFE /* AppDelegate.m in Sources */ = {isa = PBXBuildFile; fileRef = 6543B17B1D5F6A09001B4EFE /* AppDelegate.m */; };
		6543B17F1D5F6A09001B4EFE /* Star.m in Sources */ = {isa = PBXBuildFile; fileRef = 6543B17E1D5F6A09001B4EFE /* Star.m */; };
		6543B1821D5F6A09001B4EFE /* Main.storyboard in Resources */ = {isa = PBXBuildFile; fileRef = 6543B1801D5F6A09001B4EFE /* Main.storyboard */; };
		6543B1851D5F6A09001B4EFE /* Conekta.xcdatamodeld in Sources */ = {isa = PBXBuildFile; fileRef = 6543B1831D5F6A09001B4EFE /* Conekta.xcdatamodeld */; };
		6543B1871D5F6A09001B4EFE /* Assets.xcassets in Resources */ = {isa = PBXBuildFile; fileRef = 6543B1861D5F6A09001B4EFE /* Assets.xcassets */; };
		6543B18A1D5F6A09001B4EFE /* LaunchScreen.storyboard in Resources */ = {isa = PBXBuildFile; fileRef = 6543B1881D5F6A09001B4EFE /* LaunchScreen.storyboard */; };
		65F0EC771D73B1BF00A6D27D /* Podfile in Resources */ = {isa = PBXBuildFile; fileRef = 65F0EC761D73B1BF00A6D27D /* Podfile */; };
		FCBFFECE571612BBCA0AB73C /* Pods_Conekta.framework in Frameworks */ = {isa = PBXBuildFile; fileRef = EC471793CF23EF8BB10B6DF2 /* Pods_Conekta.framework */; };
/* End PBXBuildFile section */

/* Begin PBXFileReference section */
		09D4ABC192B1EF1D14F75AF1 /* Pods-Conekta.debug.xcconfig */ = {isa = PBXFileReference; includeInIndex = 1; lastKnownFileType = text.xcconfig; name = "Pods-Conekta.debug.xcconfig"; path = "Pods/Target Support Files/Pods-Conekta/Pods-Conekta.debug.xcconfig"; sourceTree = "<group>"; };
		6543B1741D5F6A08001B4EFE /* Conekta.app */ = {isa = PBXFileReference; explicitFileType = wrapper.application; includeInIndex = 0; path = Conekta.app; sourceTree = BUILT_PRODUCTS_DIR; };
		6543B1781D5F6A09001B4EFE /* main.m */ = {isa = PBXFileReference; lastKnownFileType = sourcecode.c.objc; path = main.m; sourceTree = "<group>"; };
		6543B17A1D5F6A09001B4EFE /* AppDelegate.h */ = {isa = PBXFileReference; lastKnownFileType = sourcecode.c.h; path = AppDelegate.h; sourceTree = "<group>"; };
		6543B17B1D5F6A09001B4EFE /* AppDelegate.m */ = {isa = PBXFileReference; lastKnownFileType = sourcecode.c.objc; path = AppDelegate.m; sourceTree = "<group>"; };
		6543B17D1D5F6A09001B4EFE /* Star.h */ = {isa = PBXFileReference; lastKnownFileType = sourcecode.c.h; path = Star.h; sourceTree = "<group>"; };
		6543B17E1D5F6A09001B4EFE /* Star.m */ = {isa = PBXFileReference; lastKnownFileType = sourcecode.c.objc; path = Star.m; sourceTree = "<group>"; };
		6543B1811D5F6A09001B4EFE /* Base */ = {isa = PBXFileReference; lastKnownFileType = file.storyboard; name = Base; path = Base.lproj/Main.storyboard; sourceTree = "<group>"; };
		6543B1841D5F6A09001B4EFE /* Conekta.xcdatamodel */ = {isa = PBXFileReference; lastKnownFileType = wrapper.xcdatamodel; path = Conekta.xcdatamodel; sourceTree = "<group>"; };
		6543B1861D5F6A09001B4EFE /* Assets.xcassets */ = {isa = PBXFileReference; lastKnownFileType = folder.assetcatalog; path = Assets.xcassets; sourceTree = "<group>"; };
		6543B1891D5F6A09001B4EFE /* Base */ = {isa = PBXFileReference; lastKnownFileType = file.storyboard; name = Base; path = Base.lproj/LaunchScreen.storyboard; sourceTree = "<group>"; };
		6543B18B1D5F6A09001B4EFE /* Info.plist */ = {isa = PBXFileReference; lastKnownFileType = text.plist.xml; path = Info.plist; sourceTree = "<group>"; };
		65F0EC761D73B1BF00A6D27D /* Podfile */ = {isa = PBXFileReference; fileEncoding = 4; lastKnownFileType = text; path = Podfile; sourceTree = "<group>"; };
		C57E2E7021A4AB372BB4F852 /* Pods-Conekta.release.xcconfig */ = {isa = PBXFileReference; includeInIndex = 1; lastKnownFileType = text.xcconfig; name = "Pods-Conekta.release.xcconfig"; path = "Pods/Target Support Files/Pods-Conekta/Pods-Conekta.release.xcconfig"; sourceTree = "<group>"; };
		EC471793CF23EF8BB10B6DF2 /* Pods_Conekta.framework */ = {isa = PBXFileReference; explicitFileType = wrapper.framework; includeInIndex = 0; path = Pods_Conekta.framework; sourceTree = BUILT_PRODUCTS_DIR; };
/* End PBXFileReference section */

/* Begin PBXFrameworksBuildPhase section */
		6543B1711D5F6A08001B4EFE /* Frameworks */ = {
			isa = PBXFrameworksBuildPhase;
			buildActionMask = 2147483647;
			files = (
				FCBFFECE571612BBCA0AB73C /* Pods_Conekta.framework in Frameworks */,
			);
			runOnlyForDeploymentPostprocessing = 0;
		};
/* End PBXFrameworksBuildPhase section */

/* Begin PBXGroup section */
		6230AD1588AA91A88F934FEA /* Frameworks */ = {
			isa = PBXGroup;
			children = (
				EC471793CF23EF8BB10B6DF2 /* Pods_Conekta.framework */,
			);
			name = Frameworks;
			sourceTree = "<group>";
		};
		6543B16B1D5F6A08001B4EFE = {
			isa = PBXGroup;
			children = (
				65F0EC761D73B1BF00A6D27D /* Podfile */,
				6543B1761D5F6A08001B4EFE /* Conekta */,
				6543B1751D5F6A08001B4EFE /* Products */,
				F21AB618E8767343470F018B /* Pods */,
				6230AD1588AA91A88F934FEA /* Frameworks */,
			);
			sourceTree = "<group>";
		};
		6543B1751D5F6A08001B4EFE /* Products */ = {
			isa = PBXGroup;
			children = (
				6543B1741D5F6A08001B4EFE /* Conekta.app */,
			);
			name = Products;
			sourceTree = "<group>";
		};
		6543B1761D5F6A08001B4EFE /* Conekta */ = {
			isa = PBXGroup;
			children = (
				6543B1921D5F6A1B001B4EFE /* Main */,
				6543B1911D5F6A12001B4EFE /* Controllers */,
				6543B1801D5F6A09001B4EFE /* Main.storyboard */,
				6543B1861D5F6A09001B4EFE /* Assets.xcassets */,
				6543B1881D5F6A09001B4EFE /* LaunchScreen.storyboard */,
				6543B18B1D5F6A09001B4EFE /* Info.plist */,
				6543B1831D5F6A09001B4EFE /* Conekta.xcdatamodeld */,
				6543B1771D5F6A09001B4EFE /* Supporting Files */,
			);
			path = Conekta;
			sourceTree = "<group>";
		};
		6543B1771D5F6A09001B4EFE /* Supporting Files */ = {
			isa = PBXGroup;
			children = (
				6543B1781D5F6A09001B4EFE /* main.m */,
			);
			name = "Supporting Files";
			sourceTree = "<group>";
		};
		6543B1911D5F6A12001B4EFE /* Controllers */ = {
			isa = PBXGroup;
			children = (
				6543B17E1D5F6A09001B4EFE /* Star.m */,
				6543B17D1D5F6A09001B4EFE /* Star.h */,
			);
			name = Controllers;
			sourceTree = "<group>";
		};
		6543B1921D5F6A1B001B4EFE /* Main */ = {
			isa = PBXGroup;
			children = (
				6543B17A1D5F6A09001B4EFE /* AppDelegate.h */,
				6543B17B1D5F6A09001B4EFE /* AppDelegate.m */,
			);
			name = Main;
			sourceTree = "<group>";
		};
		F21AB618E8767343470F018B /* Pods */ = {
			isa = PBXGroup;
			children = (
				09D4ABC192B1EF1D14F75AF1 /* Pods-Conekta.debug.xcconfig */,
				C57E2E7021A4AB372BB4F852 /* Pods-Conekta.release.xcconfig */,
			);
			name = Pods;
			sourceTree = "<group>";
		};
/* End PBXGroup section */

/* Begin PBXNativeTarget section */
		6543B1731D5F6A08001B4EFE /* Conekta */ = {
			isa = PBXNativeTarget;
			buildConfigurationList = 6543B18E1D5F6A09001B4EFE /* Build configuration list for PBXNativeTarget "Conekta" */;
			buildPhases = (
				8CA7321582B6CE57DD368F8E /* [CP] Check Pods Manifest.lock */,
				6543B1701D5F6A08001B4EFE /* Sources */,
				6543B1711D5F6A08001B4EFE /* Frameworks */,
				6543B1721D5F6A08001B4EFE /* Resources */,
				EC1967359A6102C2FF024327 /* [CP] Embed Pods Frameworks */,
				556BF822E39672CDA6D1CFA4 /* [CP] Copy Pods Resources */,
			);
			buildRules = (
			);
			dependencies = (
			);
			name = Conekta;
			productName = Conekta;
			productReference = 6543B1741D5F6A08001B4EFE /* Conekta.app */;
			productType = "com.apple.product-type.application";
		};
/* End PBXNativeTarget section */

/* Begin PBXProject section */
		6543B16C1D5F6A08001B4EFE /* Project object */ = {
			isa = PBXProject;
			attributes = {
				LastUpgradeCheck = 0730;
				ORGANIZATIONNAME = DanielCompany;
				TargetAttributes = {
					6543B1731D5F6A08001B4EFE = {
						CreatedOnToolsVersion = 7.3.1;
					};
				};
			};
			buildConfigurationList = 6543B16F1D5F6A08001B4EFE /* Build configuration list for PBXProject "Conekta" */;
			compatibilityVersion = "Xcode 3.2";
			developmentRegion = English;
			hasScannedForEncodings = 0;
			knownRegions = (
				en,
				Base,
			);
			mainGroup = 6543B16B1D5F6A08001B4EFE;
			productRefGroup = 6543B1751D5F6A08001B4EFE /* Products */;
			projectDirPath = "";
			projectRoot = "";
			targets = (
				6543B1731D5F6A08001B4EFE /* Conekta */,
			);
		};
/* End PBXProject section */

/* Begin PBXResourcesBuildPhase section */
		6543B1721D5F6A08001B4EFE /* Resources */ = {
			isa = PBXResourcesBuildPhase;
			buildActionMask = 2147483647;
			files = (
				6543B18A1D5F6A09001B4EFE /* LaunchScreen.storyboard in Resources */,
				6543B1871D5F6A09001B4EFE /* Assets.xcassets in Resources */,
				65F0EC771D73B1BF00A6D27D /* Podfile in Resources */,
				6543B1821D5F6A09001B4EFE /* Main.storyboard in Resources */,
			);
			runOnlyForDeploymentPostprocessing = 0;
		};
/* End PBXResourcesBuildPhase section */

/* Begin PBXShellScriptBuildPhase section */
		556BF822E39672CDA6D1CFA4 /* [CP] Copy Pods Resources */ = {
			isa = PBXShellScriptBuildPhase;
			buildActionMask = 2147483647;
			files = (
			);
			inputPaths = (
			);
			name = "[CP] Copy Pods Resources";
			outputPaths = (
			);
			runOnlyForDeploymentPostprocessing = 0;
			shellPath = /bin/sh;
			shellScript = "\"${SRCROOT}/Pods/Target Support Files/Pods-Conekta/Pods-Conekta-resources.sh\"\n";
			showEnvVarsInLog = 0;
		};
		8CA7321582B6CE57DD368F8E /* [CP] Check Pods Manifest.lock */ = {
			isa = PBXShellScriptBuildPhase;
			buildActionMask = 2147483647;
			files = (
			);
			inputPaths = (
			);
			name = "[CP] Check Pods Manifest.lock";
			outputPaths = (
			);
			runOnlyForDeploymentPostprocessing = 0;
			shellPath = /bin/sh;
			shellScript = "diff \"${PODS_ROOT}/../Podfile.lock\" \"${PODS_ROOT}/Manifest.lock\" > /dev/null\nif [[ $? != 0 ]] ; then\n    cat << EOM\nerror: The sandbox is not in sync with the Podfile.lock. Run 'pod install' or update your CocoaPods installation.\nEOM\n    exit 1\nfi\n";
			showEnvVarsInLog = 0;
		};
		EC1967359A6102C2FF024327 /* [CP] Embed Pods Frameworks */ = {
			isa = PBXShellScriptBuildPhase;
			buildActionMask = 2147483647;
			files = (
			);
			inputPaths = (
			);
			name = "[CP] Embed Pods Frameworks";
			outputPaths = (
			);
			runOnlyForDeploymentPostprocessing = 0;
			shellPath = /bin/sh;
			shellScript = "\"${SRCROOT}/Pods/Target Support Files/Pods-Conekta/Pods-Conekta-frameworks.sh\"\n";
			showEnvVarsInLog = 0;
		};
/* End PBXShellScriptBuildPhase section */

/* Begin PBXSourcesBuildPhase section */
		6543B1701D5F6A08001B4EFE /* Sources */ = {
			isa = PBXSourcesBuildPhase;
			buildActionMask = 2147483647;
			files = (
				6543B17F1D5F6A09001B4EFE /* Star.m in Sources */,
				6543B1851D5F6A09001B4EFE /* Conekta.xcdatamodeld in Sources */,
				6543B17C1D5F6A09001B4EFE /* AppDelegate.m in Sources */,
				6543B1791D5F6A09001B4EFE /* main.m in Sources */,
			);
			runOnlyForDeploymentPostprocessing = 0;
		};
/* End PBXSourcesBuildPhase section */

/* Begin PBXVariantGroup section */
		6543B1801D5F6A09001B4EFE /* Main.storyboard */ = {
			isa = PBXVariantGroup;
			children = (
				6543B1811D5F6A09001B4EFE /* Base */,
			);
			name = Main.storyboard;
			sourceTree = "<group>";
		};
		6543B1881D5F6A09001B4EFE /* LaunchScreen.storyboard */ = {
			isa = PBXVariantGroup;
			children = (
				6543B1891D5F6A09001B4EFE /* Base */,
			);
			name = LaunchScreen.storyboard;
			sourceTree = "<group>";
		};
/* End PBXVariantGroup section */

/* Begin XCBuildConfiguration section */
		6543B18C1D5F6A09001B4EFE /* Debug */ = {
			isa = XCBuildConfiguration;
			buildSettings = {
				ALWAYS_SEARCH_USER_PATHS = NO;
				CLANG_ANALYZER_NONNULL = YES;
				CLANG_CXX_LANGUAGE_STANDARD = "gnu++0x";
				CLANG_CXX_LIBRARY = "libc++";
				CLANG_ENABLE_MODULES = YES;
				CLANG_ENABLE_OBJC_ARC = YES;
				CLANG_WARN_BOOL_CONVERSION = YES;
				CLANG_WARN_CONSTANT_CONVERSION = YES;
				CLANG_WARN_DIRECT_OBJC_ISA_USAGE = YES_ERROR;
				CLANG_WARN_EMPTY_BODY = YES;
				CLANG_WARN_ENUM_CONVERSION = YES;
				CLANG_WARN_INT_CONVERSION = YES;
				CLANG_WARN_OBJC_ROOT_CLASS = YES_ERROR;
				CLANG_WARN_UNREACHABLE_CODE = YES;
				CLANG_WARN__DUPLICATE_METHOD_MATCH = YES;
				"CODE_SIGN_IDENTITY[sdk=iphoneos*]" = "iPhone Developer";
				COPY_PHASE_STRIP = NO;
				DEBUG_INFORMATION_FORMAT = dwarf;
				ENABLE_STRICT_OBJC_MSGSEND = YES;
				ENABLE_TESTABILITY = YES;
				GCC_C_LANGUAGE_STANDARD = gnu99;
				GCC_DYNAMIC_NO_PIC = NO;
				GCC_NO_COMMON_BLOCKS = YES;
				GCC_OPTIMIZATION_LEVEL = 0;
				GCC_PREPROCESSOR_DEFINITIONS = (
					"DEBUG=1",
					"$(inherited)",
				);
				GCC_WARN_64_TO_32_BIT_CONVERSION = YES;
				GCC_WARN_ABOUT_RETURN_TYPE = YES_ERROR;
				GCC_WARN_UNDECLARED_SELECTOR = YES;
				GCC_WARN_UNINITIALIZED_AUTOS = YES_AGGRESSIVE;
				GCC_WARN_UNUSED_FUNCTION = YES;
				GCC_WARN_UNUSED_VARIABLE = YES;
				IPHONEOS_DEPLOYMENT_TARGET = 9.3;
				MTL_ENABLE_DEBUG_INFO = YES;
				ONLY_ACTIVE_ARCH = YES;
				SDKROOT = iphoneos;
			};
			name = Debug;
		};
		6543B18D1D5F6A09001B4EFE /* Release */ = {
			isa = XCBuildConfiguration;
			buildSettings = {
				ALWAYS_SEARCH_USER_PATHS = NO;
				CLANG_ANALYZER_NONNULL = YES;
				CLANG_CXX_LANGUAGE_STANDARD = "gnu++0x";
				CLANG_CXX_LIBRARY = "libc++";
				CLANG_ENABLE_MODULES = YES;
				CLANG_ENABLE_OBJC_ARC = YES;
				CLANG_WARN_BOOL_CONVERSION = YES;
				CLANG_WARN_CONSTANT_CONVERSION = YES;
				CLANG_WARN_DIRECT_OBJC_ISA_USAGE = YES_ERROR;
				CLANG_WARN_EMPTY_BODY = YES;
				CLANG_WARN_ENUM_CONVERSION = YES;
				CLANG_WARN_INT_CONVERSION = YES;
				CLANG_WARN_OBJC_ROOT_CLASS = YES_ERROR;
				CLANG_WARN_UNREACHABLE_CODE = YES;
				CLANG_WARN__DUPLICATE_METHOD_MATCH = YES;
				"CODE_SIGN_IDENTITY[sdk=iphoneos*]" = "iPhone Developer";
				COPY_PHASE_STRIP = NO;
				DEBUG_INFORMATION_FORMAT = "dwarf-with-dsym";
				ENABLE_NS_ASSERTIONS = NO;
				ENABLE_STRICT_OBJC_MSGSEND = YES;
				GCC_C_LANGUAGE_STANDARD = gnu99;
				GCC_NO_COMMON_BLOCKS = YES;
				GCC_WARN_64_TO_32_BIT_CONVERSION = YES;
				GCC_WARN_ABOUT_RETURN_TYPE = YES_ERROR;
				GCC_WARN_UNDECLARED_SELECTOR = YES;
				GCC_WARN_UNINITIALIZED_AUTOS = YES_AGGRESSIVE;
				GCC_WARN_UNUSED_FUNCTION = YES;
				GCC_WARN_UNUSED_VARIABLE = YES;
				IPHONEOS_DEPLOYMENT_TARGET = 9.3;
				MTL_ENABLE_DEBUG_INFO = NO;
				SDKROOT = iphoneos;
				VALIDATE_PRODUCT = YES;
			};
			name = Release;
		};
		6543B18F1D5F6A09001B4EFE /* Debug */ = {
			isa = XCBuildConfiguration;
			baseConfigurationReference = 09D4ABC192B1EF1D14F75AF1 /* Pods-Conekta.debug.xcconfig */;
			buildSettings = {
				ASSETCATALOG_COMPILER_APPICON_NAME = AppIcon;
				INFOPLIST_FILE = Conekta/Info.plist;
				LD_RUNPATH_SEARCH_PATHS = "$(inherited) @executable_path/Frameworks";
				PRODUCT_BUNDLE_IDENTIFIER = danielcom.Conekta;
				PRODUCT_NAME = "$(TARGET_NAME)";
			};
			name = Debug;
		};
		6543B1901D5F6A09001B4EFE /* Release */ = {
			isa = XCBuildConfiguration;
			baseConfigurationReference = C57E2E7021A4AB372BB4F852 /* Pods-Conekta.release.xcconfig */;
			buildSettings = {
				ASSETCATALOG_COMPILER_APPICON_NAME = AppIcon;
				INFOPLIST_FILE = Conekta/Info.plist;
				LD_RUNPATH_SEARCH_PATHS = "$(inherited) @executable_path/Frameworks";
				PRODUCT_BUNDLE_IDENTIFIER = danielcom.Conekta;
				PRODUCT_NAME = "$(TARGET_NAME)";
			};
			name = Release;
		};
/* End XCBuildConfiguration section */

/* Begin XCConfigurationList section */
		6543B16F1D5F6A08001B4EFE /* Build configuration list for PBXProject "Conekta" */ = {
			isa = XCConfigurationList;
			buildConfigurations = (
				6543B18C1D5F6A09001B4EFE /* Debug */,
				6543B18D1D5F6A09001B4EFE /* Release */,
			);
			defaultConfigurationIsVisible = 0;
			defaultConfigurationName = Release;
		};
		6543B18E1D5F6A09001B4EFE /* Build configuration list for PBXNativeTarget "Conekta" */ = {
			isa = XCConfigurationList;
			buildConfigurations = (
				6543B18F1D5F6A09001B4EFE /* Debug */,
				6543B1901D5F6A09001B4EFE /* Release */,
			);
			defaultConfigurationIsVisible = 0;
			defaultConfigurationName = Release;
		};
/* End XCConfigurationList section */

/* Begin XCVersionGroup section */
		6543B1831D5F6A09001B4EFE /* Conekta.xcdatamodeld */ = {
			isa = XCVersionGroup;
			children = (
				6543B1841D5F6A09001B4EFE /* Conekta.xcdatamodel */,
			);
			currentVersion = 6543B1841D5F6A09001B4EFE /* Conekta.xcdatamodel */;
			path = Conekta.xcdatamodeld;
			sourceTree = "<group>";
			versionGroupType = wrapper.xcdatamodel;
		};
/* End XCVersionGroup section */
	};
	rootObject = 6543B16C1D5F6A08001B4EFE /* Project object */;
}
